
Microsoft Visual Studio Solution File, Format Version 12.00
# Visual Studio Version 17
VisualStudioVersion = 17.7.34221.43
MinimumVisualStudioVersion = 10.0.40219.1
Project("{FAE04EC0-301F-11D3-BF4B-00C04F79EFBC}") = "Custom_Validation", "Custom_Validation\Custom_Validation.csproj", "{582B197F-56CC-478C-9790-549BF3C0B4F9}"
EndProject
Global
	GlobalSection(SolutionConfigurationPlatforms) = preSolution
		Debug|Any CPU = Debug|Any CPU
		Release|Any CPU = Release|Any CPU
	EndGlobalSection
	GlobalSection(ProjectConfigurationPlatforms) = postSolution
		{582B197F-56CC-478C-9790-549BF3C0B4F9}.Debug|Any CPU.ActiveCfg = Debug|Any CPU
		{582B197F-56CC-478C-9790-549BF3C0B4F9}.Debug|Any CPU.Build.0 = Debug|Any CPU
		{582B197F-56CC-478C-9790-549BF3C0B4F9}.Release|Any CPU.ActiveCfg = Release|Any CPU
		{582B197F-56CC-478C-9790-549BF3C0B4F9}.Release|Any CPU.Build.0 = Release|Any CPU
	EndGlobalSection
	GlobalSection(SolutionProperties) = preSolution
		HideSolutionNode = FALSE
	EndGlobalSection
	GlobalSection(ExtensibilityGlobals) = postSolution
		SolutionGuid = {99A5D3C4-1CD1-4756-822C-A6B01F26E795}
	EndGlobalSection
EndGlobal
